<?xml version="1.0" encoding="utf-8"?>
<Project xmlns="http://schemas.microsoft.com/developer/msbuild/2003">
  <PropertyGroup>
    <ProjectGuid>{74d7c8d4-4d4e-487e-a691-62082b6b161a}</ProjectGuid>
    <MainSource>PetroEval.dpr</MainSource>
    <Configuration Condition=" '$(Configuration)' == '' ">Debug</Configuration>
    <Platform Condition=" '$(Platform)' == '' ">AnyCPU</Platform>
    <DCC_DCCCompiler>DCC32</DCC_DCCCompiler>
    <DCC_DependencyCheckOutputName>PetroEval.exe</DCC_DependencyCheckOutputName>
  </PropertyGroup>
  <PropertyGroup Condition=" '$(Configuration)|$(Platform)' == 'Release|AnyCPU' ">
    <Version>7.0</Version>
    <DCC_DebugInformation>False</DCC_DebugInformation>
    <DCC_LocalDebugSymbols>False</DCC_LocalDebugSymbols>
    <DCC_SymbolReferenceInfo>0</DCC_SymbolReferenceInfo>
    <DCC_Define>RELEASE</DCC_Define>
    <DCC_UNSAFE_TYPE>True</DCC_UNSAFE_TYPE>
    <DCC_UNSAFE_CODE>True</DCC_UNSAFE_CODE>
    <DCC_UNSAFE_CAST>True</DCC_UNSAFE_CAST>
    <DCC_Description>Petrophysical Evaluation Software by P.U.T</DCC_Description>
  </PropertyGroup>
  <PropertyGroup Condition=" '$(Configuration)|$(Platform)' == 'Debug|AnyCPU' ">
    <Version>7.0</Version>
    <DCC_UNSAFE_TYPE>True</DCC_UNSAFE_TYPE>
    <DCC_UNSAFE_CODE>True</DCC_UNSAFE_CODE>
    <DCC_UNSAFE_CAST>True</DCC_UNSAFE_CAST>
    <DCC_Description>Petrophysical Evaluation Software by P.U.T</DCC_Description>
  </PropertyGroup>
  <ProjectExtensions>
    <Borland.Personality>Delphi.Personality</Borland.Personality>
    <Borland.ProjectType>VCLApplication</Borland.ProjectType>
    <BorlandProject>
<BorlandProject> <Delphi.Personality>   <Parameters>
      <Parameters Name="DebugSourceDirs">D:\Rock Programs\RockLog\Components\TIWD7\;D:\Rock Programs\RockLog\Components\TIWD7\</Parameters>
      <Parameters Name="UseLauncher">False</Parameters>
      <Parameters Name="LoadAllSymbols">True</Parameters>
      <Parameters Name="LoadUnspecifiedSymbols">False</Parameters>
    </Parameters>
    <VersionInfo>
      <VersionInfo Name="IncludeVerInfo">True</VersionInfo>
      <VersionInfo Name="AutoIncBuild">False</VersionInfo>
      <VersionInfo Name="MajorVer">2</VersionInfo>
      <VersionInfo Name="MinorVer">6</VersionInfo>
      <VersionInfo Name="Release">0</VersionInfo>
      <VersionInfo Name="Build">125</VersionInfo>
      <VersionInfo Name="Debug">False</VersionInfo>
      <VersionInfo Name="PreRelease">True</VersionInfo>
      <VersionInfo Name="Special">False</VersionInfo>
      <VersionInfo Name="Private">False</VersionInfo>
      <VersionInfo Name="DLL">False</VersionInfo>
      <VersionInfo Name="Locale">1033</VersionInfo>
      <VersionInfo Name="CodePage">1252</VersionInfo>
    </VersionInfo>
    <VersionInfoKeys>
      <VersionInfoKeys Name="CompanyName">Petroleum University of Technology</VersionInfoKeys>
      <VersionInfoKeys Name="FileDescription">PetroEval Software</VersionInfoKeys>
      <VersionInfoKeys Name="FileVersion">2.6.0.125</VersionInfoKeys>
      <VersionInfoKeys Name="InternalName">PetroEval</VersionInfoKeys>
      <VersionInfoKeys Name="LegalCopyright">All rights reserved.</VersionInfoKeys>
      <VersionInfoKeys Name="LegalTrademarks"></VersionInfoKeys>
      <VersionInfoKeys Name="OriginalFilename">PetroEval</VersionInfoKeys>
      <VersionInfoKeys Name="ProductName">P.U.T PetroEval</VersionInfoKeys>
      <VersionInfoKeys Name="ProductVersion">2</VersionInfoKeys>
    </VersionInfoKeys>
    <Source>
      <Source Name="MainSource">PetroEval.dpr</Source>
    </Source>
  </Delphi.Personality> </BorlandProject></BorlandProject>
  </ProjectExtensions>
  <Import Project="$(MSBuildBinPath)\Borland.Delphi.Targets" />
  <ItemGroup>
    <DelphiCompile Include="PetroEval.dpr">
      <MainSource>MainSource</MainSource>
    </DelphiCompile>
    <DCCReference Include="FirstForm.pas">
      <Form>First_Form</Form>
    </DCCReference>
    <DCCReference Include="FluidModelForm.pas">
      <Form>Fluid_Model_Form</Form>
    </DCCReference>
    <DCCReference Include="LithoDualForm.pas">
      <Form>Litho_Dual_Form</Form>
    </DCCReference>
    <DCCReference Include="LithoMultiminForm.pas">
      <Form>Lithology_Multimin_Form</Form>
    </DCCReference>
    <DCCReference Include="LoadForm.pas">
      <Form>Load_Form</Form>
    </DCCReference>
    <DCCReference Include="Main_Form2.pas">
      <Form>MainForm2</Form>
    </DCCReference>
    <DCCReference Include="PropertiesForm.pas">
      <Form>Properties_Form</Form>
    </DCCReference>
    <DCCReference Include="ZoomedChart.pas">
      <Form>ZoomChart</Form>
    </DCCReference>
  </ItemGroup>
</Project>